
Microsoft Visual Studio Solution File, Format Version 12.00
# Visual Studio Version 17
VisualStudioVersion = 17.2.32630.192
MinimumVisualStudioVersion = 10.0.40219.1
Project("{9A19103F-16F7-4668-BE54-9A1E7A4F7556}") = "SampleLibrary", "SampleLibrary\SampleLibrary.csproj", "{9553A9D7-466D-4FB3-A617-727DD691335E}"
EndProject
Project("{9A19103F-16F7-4668-BE54-9A1E7A4F7556}") = "TraceSourceSample", "TraceSourceSample\TraceSourceSample.csproj", "{F3AE6825-6034-4D07-A97F-848E580B3199}"
EndProject
Project("{9A19103F-16F7-4668-BE54-9A1E7A4F7556}") = "NLogCodeSample", "NLogCodeSample\NLogCodeSample.csproj", "{7F4B6F43-59BB-4F1F-B90D-AFA3D66805CB}"
EndProject
Project("{9A19103F-16F7-4668-BE54-9A1E7A4F7556}") = "NLogConfigSample", "NLogConfigSample\NLogConfigSample.csproj", "{2641EB28-C956-4582-8BF4-F1074FAC271F}"
EndProject
Project("{FAE04EC0-301F-11D3-BF4B-00C04F79EFBC}") = "MicrosoftLoggingSample", "MicrosoftLoggingSample\MicrosoftLoggingSample.csproj", "{019DBE12-079A-42F7-9DBA-08B0892674FA}"
EndProject
Global
	GlobalSection(SolutionConfigurationPlatforms) = preSolution
		Debug|Any CPU = Debug|Any CPU
		Release|Any CPU = Release|Any CPU
	EndGlobalSection
	GlobalSection(ProjectConfigurationPlatforms) = postSolution
		{9553A9D7-466D-4FB3-A617-727DD691335E}.Debug|Any CPU.ActiveCfg = Debug|Any CPU
		{9553A9D7-466D-4FB3-A617-727DD691335E}.Debug|Any CPU.Build.0 = Debug|Any CPU
		{9553A9D7-466D-4FB3-A617-727DD691335E}.Release|Any CPU.ActiveCfg = Release|Any CPU
		{9553A9D7-466D-4FB3-A617-727DD691335E}.Release|Any CPU.Build.0 = Release|Any CPU
		{F3AE6825-6034-4D07-A97F-848E580B3199}.Debug|Any CPU.ActiveCfg = Debug|Any CPU
		{F3AE6825-6034-4D07-A97F-848E580B3199}.Debug|Any CPU.Build.0 = Debug|Any CPU
		{F3AE6825-6034-4D07-A97F-848E580B3199}.Release|Any CPU.ActiveCfg = Release|Any CPU
		{F3AE6825-6034-4D07-A97F-848E580B3199}.Release|Any CPU.Build.0 = Release|Any CPU
		{7F4B6F43-59BB-4F1F-B90D-AFA3D66805CB}.Debug|Any CPU.ActiveCfg = Debug|Any CPU
		{7F4B6F43-59BB-4F1F-B90D-AFA3D66805CB}.Debug|Any CPU.Build.0 = Debug|Any CPU
		{7F4B6F43-59BB-4F1F-B90D-AFA3D66805CB}.Release|Any CPU.ActiveCfg = Release|Any CPU
		{7F4B6F43-59BB-4F1F-B90D-AFA3D66805CB}.Release|Any CPU.Build.0 = Release|Any CPU
		{2641EB28-C956-4582-8BF4-F1074FAC271F}.Debug|Any CPU.ActiveCfg = Debug|Any CPU
		{2641EB28-C956-4582-8BF4-F1074FAC271F}.Debug|Any CPU.Build.0 = Debug|Any CPU
		{2641EB28-C956-4582-8BF4-F1074FAC271F}.Release|Any CPU.ActiveCfg = Release|Any CPU
		{2641EB28-C956-4582-8BF4-F1074FAC271F}.Release|Any CPU.Build.0 = Release|Any CPU
		{019DBE12-079A-42F7-9DBA-08B0892674FA}.Debug|Any CPU.ActiveCfg = Debug|Any CPU
		{019DBE12-079A-42F7-9DBA-08B0892674FA}.Debug|Any CPU.Build.0 = Debug|Any CPU
		{019DBE12-079A-42F7-9DBA-08B0892674FA}.Release|Any CPU.ActiveCfg = Release|Any CPU
		{019DBE12-079A-42F7-9DBA-08B0892674FA}.Release|Any CPU.Build.0 = Release|Any CPU
	EndGlobalSection
	GlobalSection(SolutionProperties) = preSolution
		HideSolutionNode = FALSE
	EndGlobalSection
	GlobalSection(ExtensibilityGlobals) = postSolution
		SolutionGuid = {6458F652-05AA-49C2-A675-7E1F5879C395}
	EndGlobalSection
EndGlobal
